
Microsoft Visual Studio Solution File, Format Version 12.00
# Visual Studio 14
VisualStudioVersion = 14.0.25420.1
MinimumVisualStudioVersion = 10.0.40219.1
Project("{FAE04EC0-301F-11D3-BF4B-00C04F79EFBC}") = "ExamApplication", "ExamApplication\ExamApplication.csproj", "{DDF1478F-52C8-4B92-9A53-DB6DBF4521D3}"
EndProject
Project("{FAE04EC0-301F-11D3-BF4B-00C04F79EFBC}") = "DAL", "DAL\DAL.csproj", "{A86F64FF-E8C0-4A37-B1EF-3A59A738EBCD}"
EndProject
Global
	GlobalSection(SolutionConfigurationPlatforms) = preSolution
		Debug|Any CPU = Debug|Any CPU
		Release|Any CPU = Release|Any CPU
	EndGlobalSection
	GlobalSection(ProjectConfigurationPlatforms) = postSolution
		{DDF1478F-52C8-4B92-9A53-DB6DBF4521D3}.Debug|Any CPU.ActiveCfg = Debug|Any CPU
		{DDF1478F-52C8-4B92-9A53-DB6DBF4521D3}.Debug|Any CPU.Build.0 = Debug|Any CPU
		{DDF1478F-52C8-4B92-9A53-DB6DBF4521D3}.Release|Any CPU.ActiveCfg = Release|Any CPU
		{DDF1478F-52C8-4B92-9A53-DB6DBF4521D3}.Release|Any CPU.Build.0 = Release|Any CPU
		{A86F64FF-E8C0-4A37-B1EF-3A59A738EBCD}.Debug|Any CPU.ActiveCfg = Debug|Any CPU
		{A86F64FF-E8C0-4A37-B1EF-3A59A738EBCD}.Debug|Any CPU.Build.0 = Debug|Any CPU
		{A86F64FF-E8C0-4A37-B1EF-3A59A738EBCD}.Release|Any CPU.ActiveCfg = Release|Any CPU
		{A86F64FF-E8C0-4A37-B1EF-3A59A738EBCD}.Release|Any CPU.Build.0 = Release|Any CPU
	EndGlobalSection
	GlobalSection(SolutionProperties) = preSolution
		HideSolutionNode = FALSE
	EndGlobalSection
EndGlobal
